// !$*UTF8*$!
{
	archiveVersion = 1;
	classes = {
	};
	objectVersion = 55;
	objects = {

/* Begin PBXBuildFile section */
		AC8F53BC2950BF3100B6D1A0 /* WeatherSwiftUIAppApp.swift in Sources */ = {isa = PBXBuildFile; fileRef = AC8F53BB2950BF3100B6D1A0 /* WeatherSwiftUIAppApp.swift */; };
		AC8F53BE2950BF3100B6D1A0 /* ContentView.swift in Sources */ = {isa = PBXBuildFile; fileRef = AC8F53BD2950BF3100B6D1A0 /* ContentView.swift */; };
		AC8F53C02950BF3200B6D1A0 /* Assets.xcassets in Resources */ = {isa = PBXBuildFile; fileRef = AC8F53BF2950BF3200B6D1A0 /* Assets.xcassets */; };
		AC8F53C32950BF3200B6D1A0 /* Preview Assets.xcassets in Resources */ = {isa = PBXBuildFile; fileRef = AC8F53C22950BF3200B6D1A0 /* Preview Assets.xcassets */; };
		AC8F53CE2950C38E00B6D1A0 /* API.swift in Sources */ = {isa = PBXBuildFile; fileRef = AC8F53CD2950C38E00B6D1A0 /* API.swift */; };
		AC8F53D02950C52300B6D1A0 /* API+EXT.swift in Sources */ = {isa = PBXBuildFile; fileRef = AC8F53CF2950C52300B6D1A0 /* API+EXT.swift */; };
		AC8F53D22950C62C00B6D1A0 /* NetworkManager.swift in Sources */ = {isa = PBXBuildFile; fileRef = AC8F53D12950C62C00B6D1A0 /* NetworkManager.swift */; };
		AC8F53D42950C6C400B6D1A0 /* NetworkError.swift in Sources */ = {isa = PBXBuildFile; fileRef = AC8F53D32950C6C400B6D1A0 /* NetworkError.swift */; };
		AC8F53D72950D3C500B6D1A0 /* WeatherResponse.swift in Sources */ = {isa = PBXBuildFile; fileRef = AC8F53D62950D3C500B6D1A0 /* WeatherResponse.swift */; };
		AC8F53D92950D40C00B6D1A0 /* Weather.swift in Sources */ = {isa = PBXBuildFile; fileRef = AC8F53D82950D40C00B6D1A0 /* Weather.swift */; };
		AC8F53DB2950D42800B6D1A0 /* WeatherDetails.swift in Sources */ = {isa = PBXBuildFile; fileRef = AC8F53DA2950D42800B6D1A0 /* WeatherDetails.swift */; };
		AC8F53DD2950D43100B6D1A0 /* DailyWeather.swift in Sources */ = {isa = PBXBuildFile; fileRef = AC8F53DC2950D43100B6D1A0 /* DailyWeather.swift */; };
		AC8F53DF2950D44900B6D1A0 /* Temperature.swift in Sources */ = {isa = PBXBuildFile; fileRef = AC8F53DE2950D44900B6D1A0 /* Temperature.swift */; };
		ACF9FD932951E02B002F20EB /* CityViewModel.swift in Sources */ = {isa = PBXBuildFile; fileRef = ACF9FD922951E02B002F20EB /* CityViewModel.swift */; };
		ACF9FD962951EC47002F20EB /* Image+EXT.swift in Sources */ = {isa = PBXBuildFile; fileRef = ACF9FD952951EC47002F20EB /* Image+EXT.swift */; };
		ACF9FD992951EEC6002F20EB /* Lottie in Frameworks */ = {isa = PBXBuildFile; productRef = ACF9FD982951EEC6002F20EB /* Lottie */; };
		ACF9FD9C2951F066002F20EB /* LottieView.swift in Sources */ = {isa = PBXBuildFile; fileRef = ACF9FD9B2951F066002F20EB /* LottieView.swift */; };
		ACF9FDB82951F523002F20EB /* dayShowerRains.json in Resources */ = {isa = PBXBuildFile; fileRef = ACF9FDA62951F522002F20EB /* dayShowerRains.json */; };
		ACF9FDB92951F523002F20EB /* dayScatteredClouds.json in Resources */ = {isa = PBXBuildFile; fileRef = ACF9FDA72951F522002F20EB /* dayScatteredClouds.json */; };
		ACF9FDBA2951F523002F20EB /* dayFewClouds.json in Resources */ = {isa = PBXBuildFile; fileRef = ACF9FDA82951F522002F20EB /* dayFewClouds.json */; };
		ACF9FDBB2951F523002F20EB /* nightClearSky.json in Resources */ = {isa = PBXBuildFile; fileRef = ACF9FDA92951F522002F20EB /* nightClearSky.json */; };
		ACF9FDBC2951F523002F20EB /* dayClearSky.json in Resources */ = {isa = PBXBuildFile; fileRef = ACF9FDAA2951F522002F20EB /* dayClearSky.json */; };
		ACF9FDBD2951F523002F20EB /* nightSnow.json in Resources */ = {isa = PBXBuildFile; fileRef = ACF9FDAB2951F522002F20EB /* nightSnow.json */; };
		ACF9FDBE2951F523002F20EB /* dayThunderstorm.json in Resources */ = {isa = PBXBuildFile; fileRef = ACF9FDAC2951F523002F20EB /* dayThunderstorm.json */; };
		ACF9FDBF2951F523002F20EB /* nightMist.json in Resources */ = {isa = PBXBuildFile; fileRef = ACF9FDAD2951F523002F20EB /* nightMist.json */; };
		ACF9FDC02951F523002F20EB /* davBrokenClouds.json in Resources */ = {isa = PBXBuildFile; fileRef = ACF9FDAE2951F523002F20EB /* davBrokenClouds.json */; };
		ACF9FDC12951F523002F20EB /* daySnow.json in Resources */ = {isa = PBXBuildFile; fileRef = ACF9FDAF2951F523002F20EB /* daySnow.json */; };
		ACF9FDC22951F523002F20EB /* dayRain.json in Resources */ = {isa = PBXBuildFile; fileRef = ACF9FDB02951F523002F20EB /* dayRain.json */; };
		ACF9FDC32951F523002F20EB /* nightRain.json in Resources */ = {isa = PBXBuildFile; fileRef = ACF9FDB12951F523002F20EB /* nightRain.json */; };
		ACF9FDC42951F523002F20EB /* dayMist.json in Resources */ = {isa = PBXBuildFile; fileRef = ACF9FDB22951F523002F20EB /* dayMist.json */; };
		ACF9FDC52951F523002F20EB /* nightShowerRains.json in Resources */ = {isa = PBXBuildFile; fileRef = ACF9FDB32951F523002F20EB /* nightShowerRains.json */; };
		ACF9FDC62951F523002F20EB /* nightThunderstorm.json in Resources */ = {isa = PBXBuildFile; fileRef = ACF9FDB42951F523002F20EB /* nightThunderstorm.json */; };
		ACF9FDC72951F523002F20EB /* nightScatteredClouds.json in Resources */ = {isa = PBXBuildFile; fileRef = ACF9FDB52951F523002F20EB /* nightScatteredClouds.json */; };
		ACF9FDC82951F523002F20EB /* nightFewClouds.json in Resources */ = {isa = PBXBuildFile; fileRef = ACF9FDB62951F523002F20EB /* nightFewClouds.json */; };
		ACF9FDC92951F523002F20EB /* nightBrokenClouds.json in Resources */ = {isa = PBXBuildFile; fileRef = ACF9FDB72951F523002F20EB /* nightBrokenClouds.json */; };
/* End PBXBuildFile section */

/* Begin PBXFileReference section */
		AC8F53B82950BF3100B6D1A0 /* WeatherSwiftUIApp.app */ = {isa = PBXFileReference; explicitFileType = wrapper.application; includeInIndex = 0; path = WeatherSwiftUIApp.app; sourceTree = BUILT_PRODUCTS_DIR; };
		AC8F53BB2950BF3100B6D1A0 /* WeatherSwiftUIAppApp.swift */ = {isa = PBXFileReference; lastKnownFileType = sourcecode.swift; path = WeatherSwiftUIAppApp.swift; sourceTree = "<group>"; };
		AC8F53BD2950BF3100B6D1A0 /* ContentView.swift */ = {isa = PBXFileReference; lastKnownFileType = sourcecode.swift; path = ContentView.swift; sourceTree = "<group>"; };
		AC8F53BF2950BF3200B6D1A0 /* Assets.xcassets */ = {isa = PBXFileReference; lastKnownFileType = folder.assetcatalog; path = Assets.xcassets; sourceTree = "<group>"; };
		AC8F53C22950BF3200B6D1A0 /* Preview Assets.xcassets */ = {isa = PBXFileReference; lastKnownFileType = folder.assetcatalog; path = "Preview Assets.xcassets"; sourceTree = "<group>"; };
		AC8F53CD2950C38E00B6D1A0 /* API.swift */ = {isa = PBXFileReference; lastKnownFileType = sourcecode.swift; path = API.swift; sourceTree = "<group>"; };
		AC8F53CF2950C52300B6D1A0 /* API+EXT.swift */ = {isa = PBXFileReference; lastKnownFileType = sourcecode.swift; path = "API+EXT.swift"; sourceTree = "<group>"; };
		AC8F53D12950C62C00B6D1A0 /* NetworkManager.swift */ = {isa = PBXFileReference; lastKnownFileType = sourcecode.swift; path = NetworkManager.swift; sourceTree = "<group>"; };
		AC8F53D32950C6C400B6D1A0 /* NetworkError.swift */ = {isa = PBXFileReference; lastKnownFileType = sourcecode.swift; path = NetworkError.swift; sourceTree = "<group>"; };
		AC8F53D62950D3C500B6D1A0 /* WeatherResponse.swift */ = {isa = PBXFileReference; lastKnownFileType = sourcecode.swift; path = WeatherResponse.swift; sourceTree = "<group>"; };
		AC8F53D82950D40C00B6D1A0 /* Weather.swift */ = {isa = PBXFileReference; lastKnownFileType = sourcecode.swift; path = Weather.swift; sourceTree = "<group>"; };
		AC8F53DA2950D42800B6D1A0 /* WeatherDetails.swift */ = {isa = PBXFileReference; lastKnownFileType = sourcecode.swift; path = WeatherDetails.swift; sourceTree = "<group>"; };
		AC8F53DC2950D43100B6D1A0 /* DailyWeather.swift */ = {isa = PBXFileReference; lastKnownFileType = sourcecode.swift; path = DailyWeather.swift; sourceTree = "<group>"; };
		AC8F53DE2950D44900B6D1A0 /* Temperature.swift */ = {isa = PBXFileReference; lastKnownFileType = sourcecode.swift; path = Temperature.swift; sourceTree = "<group>"; };
		ACF9FD922951E02B002F20EB /* CityViewModel.swift */ = {isa = PBXFileReference; lastKnownFileType = sourcecode.swift; path = CityViewModel.swift; sourceTree = "<group>"; };
		ACF9FD952951EC47002F20EB /* Image+EXT.swift */ = {isa = PBXFileReference; lastKnownFileType = sourcecode.swift; path = "Image+EXT.swift"; sourceTree = "<group>"; };
		ACF9FD9B2951F066002F20EB /* LottieView.swift */ = {isa = PBXFileReference; lastKnownFileType = sourcecode.swift; path = LottieView.swift; sourceTree = "<group>"; };
		ACF9FDA62951F522002F20EB /* dayShowerRains.json */ = {isa = PBXFileReference; fileEncoding = 4; lastKnownFileType = text.json; path = dayShowerRains.json; sourceTree = "<group>"; };
		ACF9FDA72951F522002F20EB /* dayScatteredClouds.json */ = {isa = PBXFileReference; fileEncoding = 4; lastKnownFileType = text.json; path = dayScatteredClouds.json; sourceTree = "<group>"; };
		ACF9FDA82951F522002F20EB /* dayFewClouds.json */ = {isa = PBXFileReference; fileEncoding = 4; lastKnownFileType = text.json; path = dayFewClouds.json; sourceTree = "<group>"; };
		ACF9FDA92951F522002F20EB /* nightClearSky.json */ = {isa = PBXFileReference; fileEncoding = 4; lastKnownFileType = text.json; path = nightClearSky.json; sourceTree = "<group>"; };
		ACF9FDAA2951F522002F20EB /* dayClearSky.json */ = {isa = PBXFileReference; fileEncoding = 4; lastKnownFileType = text.json; path = dayClearSky.json; sourceTree = "<group>"; };
		ACF9FDAB2951F522002F20EB /* nightSnow.json */ = {isa = PBXFileReference; fileEncoding = 4; lastKnownFileType = text.json; path = nightSnow.json; sourceTree = "<group>"; };
		ACF9FDAC2951F523002F20EB /* dayThunderstorm.json */ = {isa = PBXFileReference; fileEncoding = 4; lastKnownFileType = text.json; path = dayThunderstorm.json; sourceTree = "<group>"; };
		ACF9FDAD2951F523002F20EB /* nightMist.json */ = {isa = PBXFileReference; fileEncoding = 4; lastKnownFileType = text.json; path = nightMist.json; sourceTree = "<group>"; };
		ACF9FDAE2951F523002F20EB /* davBrokenClouds.json */ = {isa = PBXFileReference; fileEncoding = 4; lastKnownFileType = text.json; path = davBrokenClouds.json; sourceTree = "<group>"; };
		ACF9FDAF2951F523002F20EB /* daySnow.json */ = {isa = PBXFileReference; fileEncoding = 4; lastKnownFileType = text.json; path = daySnow.json; sourceTree = "<group>"; };
		ACF9FDB02951F523002F20EB /* dayRain.json */ = {isa = PBXFileReference; fileEncoding = 4; lastKnownFileType = text.json; path = dayRain.json; sourceTree = "<group>"; };
		ACF9FDB12951F523002F20EB /* nightRain.json */ = {isa = PBXFileReference; fileEncoding = 4; lastKnownFileType = text.json; path = nightRain.json; sourceTree = "<group>"; };
		ACF9FDB22951F523002F20EB /* dayMist.json */ = {isa = PBXFileReference; fileEncoding = 4; lastKnownFileType = text.json; path = dayMist.json; sourceTree = "<group>"; };
		ACF9FDB32951F523002F20EB /* nightShowerRains.json */ = {isa = PBXFileReference; fileEncoding = 4; lastKnownFileType = text.json; path = nightShowerRains.json; sourceTree = "<group>"; };
		ACF9FDB42951F523002F20EB /* nightThunderstorm.json */ = {isa = PBXFileReference; fileEncoding = 4; lastKnownFileType = text.json; path = nightThunderstorm.json; sourceTree = "<group>"; };
		ACF9FDB52951F523002F20EB /* nightScatteredClouds.json */ = {isa = PBXFileReference; fileEncoding = 4; lastKnownFileType = text.json; path = nightScatteredClouds.json; sourceTree = "<group>"; };
		ACF9FDB62951F523002F20EB /* nightFewClouds.json */ = {isa = PBXFileReference; fileEncoding = 4; lastKnownFileType = text.json; path = nightFewClouds.json; sourceTree = "<group>"; };
		ACF9FDB72951F523002F20EB /* nightBrokenClouds.json */ = {isa = PBXFileReference; fileEncoding = 4; lastKnownFileType = text.json; path = nightBrokenClouds.json; sourceTree = "<group>"; };
/* End PBXFileReference section */

/* Begin PBXFrameworksBuildPhase section */
		AC8F53B52950BF3100B6D1A0 /* Frameworks */ = {
			isa = PBXFrameworksBuildPhase;
			buildActionMask = 2147483647;
			files = (
				ACF9FD992951EEC6002F20EB /* Lottie in Frameworks */,
			);
			runOnlyForDeploymentPostprocessing = 0;
		};
/* End PBXFrameworksBuildPhase section */

/* Begin PBXGroup section */
		AC8F53AF2950BF3100B6D1A0 = {
			isa = PBXGroup;
			children = (
				AC8F53BA2950BF3100B6D1A0 /* WeatherSwiftUIApp */,
				AC8F53B92950BF3100B6D1A0 /* Products */,
			);
			sourceTree = "<group>";
		};
		AC8F53B92950BF3100B6D1A0 /* Products */ = {
			isa = PBXGroup;
			children = (
				AC8F53B82950BF3100B6D1A0 /* WeatherSwiftUIApp.app */,
			);
			name = Products;
			sourceTree = "<group>";
		};
		AC8F53BA2950BF3100B6D1A0 /* WeatherSwiftUIApp */ = {
			isa = PBXGroup;
			children = (
				AC8F53BB2950BF3100B6D1A0 /* WeatherSwiftUIAppApp.swift */,
				ACF9FD942951EC25002F20EB /* Extensions */,
				AC8F53CB2950C35D00B6D1A0 /* Animations */,
				AC8F53CA2950C35600B6D1A0 /* Networking */,
				AC8F53D52950D2BA00B6D1A0 /* Models */,
				ACF9FD912951E017002F20EB /* ViewModels */,
				ACF9FD9A2951EF15002F20EB /* Views */,
				AC8F53BD2950BF3100B6D1A0 /* ContentView.swift */,
				AC8F53BF2950BF3200B6D1A0 /* Assets.xcassets */,
				AC8F53C12950BF3200B6D1A0 /* Preview Content */,
			);
			path = WeatherSwiftUIApp;
			sourceTree = "<group>";
		};
		AC8F53C12950BF3200B6D1A0 /* Preview Content */ = {
			isa = PBXGroup;
			children = (
				AC8F53C22950BF3200B6D1A0 /* Preview Assets.xcassets */,
			);
			path = "Preview Content";
			sourceTree = "<group>";
		};
		AC8F53CA2950C35600B6D1A0 /* Networking */ = {
			isa = PBXGroup;
			children = (
				AC8F53CD2950C38E00B6D1A0 /* API.swift */,
				AC8F53CF2950C52300B6D1A0 /* API+EXT.swift */,
				AC8F53D12950C62C00B6D1A0 /* NetworkManager.swift */,
				AC8F53D32950C6C400B6D1A0 /* NetworkError.swift */,
			);
			path = Networking;
			sourceTree = "<group>";
		};
		AC8F53CB2950C35D00B6D1A0 /* Animations */ = {
			isa = PBXGroup;
			children = (
				ACF9FD9B2951F066002F20EB /* LottieView.swift */,
				ACF9FD9D2951F2C2002F20EB /* LottieJson */,
			);
			path = Animations;
			sourceTree = "<group>";
		};
		AC8F53D52950D2BA00B6D1A0 /* Models */ = {
			isa = PBXGroup;
			children = (
				AC8F53D62950D3C500B6D1A0 /* WeatherResponse.swift */,
				AC8F53D82950D40C00B6D1A0 /* Weather.swift */,
				AC8F53DA2950D42800B6D1A0 /* WeatherDetails.swift */,
				AC8F53DC2950D43100B6D1A0 /* DailyWeather.swift */,
				AC8F53DE2950D44900B6D1A0 /* Temperature.swift */,
			);
			path = Models;
			sourceTree = "<group>";
		};
		ACF9FD912951E017002F20EB /* ViewModels */ = {
			isa = PBXGroup;
			children = (
				ACF9FD922951E02B002F20EB /* CityViewModel.swift */,
			);
			path = ViewModels;
			sourceTree = "<group>";
		};
		ACF9FD942951EC25002F20EB /* Extensions */ = {
			isa = PBXGroup;
			children = (
				ACF9FD952951EC47002F20EB /* Image+EXT.swift */,
			);
			path = Extensions;
			sourceTree = "<group>";
		};
		ACF9FD9A2951EF15002F20EB /* Views */ = {
			isa = PBXGroup;
			children = (
			);
			path = Views;
			sourceTree = "<group>";
		};
		ACF9FD9D2951F2C2002F20EB /* LottieJson */ = {
			isa = PBXGroup;
			children = (
				ACF9FDAE2951F523002F20EB /* davBrokenClouds.json */,
				ACF9FDAA2951F522002F20EB /* dayClearSky.json */,
				ACF9FDA82951F522002F20EB /* dayFewClouds.json */,
				ACF9FDB22951F523002F20EB /* dayMist.json */,
				ACF9FDB02951F523002F20EB /* dayRain.json */,
				ACF9FDA72951F522002F20EB /* dayScatteredClouds.json */,
				ACF9FDA62951F522002F20EB /* dayShowerRains.json */,
				ACF9FDAF2951F523002F20EB /* daySnow.json */,
				ACF9FDAC2951F523002F20EB /* dayThunderstorm.json */,
				ACF9FDB72951F523002F20EB /* nightBrokenClouds.json */,
				ACF9FDA92951F522002F20EB /* nightClearSky.json */,
				ACF9FDB62951F523002F20EB /* nightFewClouds.json */,
				ACF9FDAD2951F523002F20EB /* nightMist.json */,
				ACF9FDB12951F523002F20EB /* nightRain.json */,
				ACF9FDB52951F523002F20EB /* nightScatteredClouds.json */,
				ACF9FDB32951F523002F20EB /* nightShowerRains.json */,
				ACF9FDAB2951F522002F20EB /* nightSnow.json */,
				ACF9FDB42951F523002F20EB /* nightThunderstorm.json */,
			);
			path = LottieJson;
			sourceTree = "<group>";
		};
/* End PBXGroup section */

/* Begin PBXNativeTarget section */
		AC8F53B72950BF3100B6D1A0 /* WeatherSwiftUIApp */ = {
			isa = PBXNativeTarget;
			buildConfigurationList = AC8F53C62950BF3200B6D1A0 /* Build configuration list for PBXNativeTarget "WeatherSwiftUIApp" */;
			buildPhases = (
				AC8F53B42950BF3100B6D1A0 /* Sources */,
				AC8F53B52950BF3100B6D1A0 /* Frameworks */,
				AC8F53B62950BF3100B6D1A0 /* Resources */,
			);
			buildRules = (
			);
			dependencies = (
			);
			name = WeatherSwiftUIApp;
			packageProductDependencies = (
				ACF9FD982951EEC6002F20EB /* Lottie */,
			);
			productName = WeatherSwiftUIApp;
			productReference = AC8F53B82950BF3100B6D1A0 /* WeatherSwiftUIApp.app */;
			productType = "com.apple.product-type.application";
		};
/* End PBXNativeTarget section */

/* Begin PBXProject section */
		AC8F53B02950BF3100B6D1A0 /* Project object */ = {
			isa = PBXProject;
			attributes = {
				BuildIndependentTargetsInParallel = 1;
				LastSwiftUpdateCheck = 1410;
				LastUpgradeCheck = 1410;
				TargetAttributes = {
					AC8F53B72950BF3100B6D1A0 = {
						CreatedOnToolsVersion = 14.1;
					};
				};
			};
			buildConfigurationList = AC8F53B32950BF3100B6D1A0 /* Build configuration list for PBXProject "WeatherSwiftUIApp" */;
			compatibilityVersion = "Xcode 13.0";
			developmentRegion = en;
			hasScannedForEncodings = 0;
			knownRegions = (
				en,
				Base,
			);
			mainGroup = AC8F53AF2950BF3100B6D1A0;
			packageReferences = (
				ACF9FD972951EEC6002F20EB /* XCRemoteSwiftPackageReference "lottie-ios" */,
			);
			productRefGroup = AC8F53B92950BF3100B6D1A0 /* Products */;
			projectDirPath = "";
			projectRoot = "";
			targets = (
				AC8F53B72950BF3100B6D1A0 /* WeatherSwiftUIApp */,
			);
		};
/* End PBXProject section */

/* Begin PBXResourcesBuildPhase section */
		AC8F53B62950BF3100B6D1A0 /* Resources */ = {
			isa = PBXResourcesBuildPhase;
			buildActionMask = 2147483647;
			files = (
				ACF9FDB82951F523002F20EB /* dayShowerRains.json in Resources */,
				ACF9FDC82951F523002F20EB /* nightFewClouds.json in Resources */,
				AC8F53C32950BF3200B6D1A0 /* Preview Assets.xcassets in Resources */,
				ACF9FDBB2951F523002F20EB /* nightClearSky.json in Resources */,
				ACF9FDC22951F523002F20EB /* dayRain.json in Resources */,
				ACF9FDC62951F523002F20EB /* nightThunderstorm.json in Resources */,
				ACF9FDC32951F523002F20EB /* nightRain.json in Resources */,
				ACF9FDBC2951F523002F20EB /* dayClearSky.json in Resources */,
				ACF9FDB92951F523002F20EB /* dayScatteredClouds.json in Resources */,
				ACF9FDC42951F523002F20EB /* dayMist.json in Resources */,
				ACF9FDBE2951F523002F20EB /* dayThunderstorm.json in Resources */,
				ACF9FDC72951F523002F20EB /* nightScatteredClouds.json in Resources */,
				ACF9FDBA2951F523002F20EB /* dayFewClouds.json in Resources */,
				AC8F53C02950BF3200B6D1A0 /* Assets.xcassets in Resources */,
				ACF9FDC02951F523002F20EB /* davBrokenClouds.json in Resources */,
				ACF9FDC92951F523002F20EB /* nightBrokenClouds.json in Resources */,
				ACF9FDC52951F523002F20EB /* nightShowerRains.json in Resources */,
				ACF9FDC12951F523002F20EB /* daySnow.json in Resources */,
				ACF9FDBD2951F523002F20EB /* nightSnow.json in Resources */,
				ACF9FDBF2951F523002F20EB /* nightMist.json in Resources */,
			);
			runOnlyForDeploymentPostprocessing = 0;
		};
/* End PBXResourcesBuildPhase section */

/* Begin PBXSourcesBuildPhase section */
		AC8F53B42950BF3100B6D1A0 /* Sources */ = {
			isa = PBXSourcesBuildPhase;
			buildActionMask = 2147483647;
			files = (
				AC8F53DD2950D43100B6D1A0 /* DailyWeather.swift in Sources */,
				AC8F53D92950D40C00B6D1A0 /* Weather.swift in Sources */,
				AC8F53BE2950BF3100B6D1A0 /* ContentView.swift in Sources */,
				ACF9FD962951EC47002F20EB /* Image+EXT.swift in Sources */,
				AC8F53CE2950C38E00B6D1A0 /* API.swift in Sources */,
				AC8F53DB2950D42800B6D1A0 /* WeatherDetails.swift in Sources */,
				AC8F53D22950C62C00B6D1A0 /* NetworkManager.swift in Sources */,
				AC8F53DF2950D44900B6D1A0 /* Temperature.swift in Sources */,
				ACF9FD932951E02B002F20EB /* CityViewModel.swift in Sources */,
				AC8F53D72950D3C500B6D1A0 /* WeatherResponse.swift in Sources */,
				AC8F53D42950C6C400B6D1A0 /* NetworkError.swift in Sources */,
				ACF9FD9C2951F066002F20EB /* LottieView.swift in Sources */,
				AC8F53D02950C52300B6D1A0 /* API+EXT.swift in Sources */,
				AC8F53BC2950BF3100B6D1A0 /* WeatherSwiftUIAppApp.swift in Sources */,
			);
			runOnlyForDeploymentPostprocessing = 0;
		};
/* End PBXSourcesBuildPhase section */

/* Begin XCBuildConfiguration section */
		AC8F53C42950BF3200B6D1A0 /* Debug */ = {
			isa = XCBuildConfiguration;
			buildSettings = {
				ALWAYS_SEARCH_USER_PATHS = NO;
				CLANG_ANALYZER_NONNULL = YES;
				CLANG_ANALYZER_NUMBER_OBJECT_CONVERSION = YES_AGGRESSIVE;
				CLANG_CXX_LANGUAGE_STANDARD = "gnu++20";
				CLANG_ENABLE_MODULES = YES;
				CLANG_ENABLE_OBJC_ARC = YES;
				CLANG_ENABLE_OBJC_WEAK = YES;
				CLANG_WARN_BLOCK_CAPTURE_AUTORELEASING = YES;
				CLANG_WARN_BOOL_CONVERSION = YES;
				CLANG_WARN_COMMA = YES;
				CLANG_WARN_CONSTANT_CONVERSION = YES;
				CLANG_WARN_DEPRECATED_OBJC_IMPLEMENTATIONS = YES;
				CLANG_WARN_DIRECT_OBJC_ISA_USAGE = YES_ERROR;
				CLANG_WARN_DOCUMENTATION_COMMENTS = YES;
				CLANG_WARN_EMPTY_BODY = YES;
				CLANG_WARN_ENUM_CONVERSION = YES;
				CLANG_WARN_INFINITE_RECURSION = YES;
				CLANG_WARN_INT_CONVERSION = YES;
				CLANG_WARN_NON_LITERAL_NULL_CONVERSION = YES;
				CLANG_WARN_OBJC_IMPLICIT_RETAIN_SELF = YES;
				CLANG_WARN_OBJC_LITERAL_CONVERSION = YES;
				CLANG_WARN_OBJC_ROOT_CLASS = YES_ERROR;
				CLANG_WARN_QUOTED_INCLUDE_IN_FRAMEWORK_HEADER = YES;
				CLANG_WARN_RANGE_LOOP_ANALYSIS = YES;
				CLANG_WARN_STRICT_PROTOTYPES = YES;
				CLANG_WARN_SUSPICIOUS_MOVE = YES;
				CLANG_WARN_UNGUARDED_AVAILABILITY = YES_AGGRESSIVE;
				CLANG_WARN_UNREACHABLE_CODE = YES;
				CLANG_WARN__DUPLICATE_METHOD_MATCH = YES;
				COPY_PHASE_STRIP = NO;
				DEBUG_INFORMATION_FORMAT = dwarf;
				ENABLE_STRICT_OBJC_MSGSEND = YES;
				ENABLE_TESTABILITY = YES;
				GCC_C_LANGUAGE_STANDARD = gnu11;
				GCC_DYNAMIC_NO_PIC = NO;
				GCC_NO_COMMON_BLOCKS = YES;
				GCC_OPTIMIZATION_LEVEL = 0;
				GCC_PREPROCESSOR_DEFINITIONS = (
					"DEBUG=1",
					"$(inherited)",
				);
				GCC_WARN_64_TO_32_BIT_CONVERSION = YES;
				GCC_WARN_ABOUT_RETURN_TYPE = YES_ERROR;
				GCC_WARN_UNDECLARED_SELECTOR = YES;
				GCC_WARN_UNINITIALIZED_AUTOS = YES_AGGRESSIVE;
				GCC_WARN_UNUSED_FUNCTION = YES;
				GCC_WARN_UNUSED_VARIABLE = YES;
				IPHONEOS_DEPLOYMENT_TARGET = 14.0;
				MTL_ENABLE_DEBUG_INFO = INCLUDE_SOURCE;
				MTL_FAST_MATH = YES;
				ONLY_ACTIVE_ARCH = YES;
				SDKROOT = iphoneos;
				SWIFT_ACTIVE_COMPILATION_CONDITIONS = DEBUG;
				SWIFT_OPTIMIZATION_LEVEL = "-Onone";
			};
			name = Debug;
		};
		AC8F53C52950BF3200B6D1A0 /* Release */ = {
			isa = XCBuildConfiguration;
			buildSettings = {
				ALWAYS_SEARCH_USER_PATHS = NO;
				CLANG_ANALYZER_NONNULL = YES;
				CLANG_ANALYZER_NUMBER_OBJECT_CONVERSION = YES_AGGRESSIVE;
				CLANG_CXX_LANGUAGE_STANDARD = "gnu++20";
				CLANG_ENABLE_MODULES = YES;
				CLANG_ENABLE_OBJC_ARC = YES;
				CLANG_ENABLE_OBJC_WEAK = YES;
				CLANG_WARN_BLOCK_CAPTURE_AUTORELEASING = YES;
				CLANG_WARN_BOOL_CONVERSION = YES;
				CLANG_WARN_COMMA = YES;
				CLANG_WARN_CONSTANT_CONVERSION = YES;
				CLANG_WARN_DEPRECATED_OBJC_IMPLEMENTATIONS = YES;
				CLANG_WARN_DIRECT_OBJC_ISA_USAGE = YES_ERROR;
				CLANG_WARN_DOCUMENTATION_COMMENTS = YES;
				CLANG_WARN_EMPTY_BODY = YES;
				CLANG_WARN_ENUM_CONVERSION = YES;
				CLANG_WARN_INFINITE_RECURSION = YES;
				CLANG_WARN_INT_CONVERSION = YES;
				CLANG_WARN_NON_LITERAL_NULL_CONVERSION = YES;
				CLANG_WARN_OBJC_IMPLICIT_RETAIN_SELF = YES;
				CLANG_WARN_OBJC_LITERAL_CONVERSION = YES;
				CLANG_WARN_OBJC_ROOT_CLASS = YES_ERROR;
				CLANG_WARN_QUOTED_INCLUDE_IN_FRAMEWORK_HEADER = YES;
				CLANG_WARN_RANGE_LOOP_ANALYSIS = YES;
				CLANG_WARN_STRICT_PROTOTYPES = YES;
				CLANG_WARN_SUSPICIOUS_MOVE = YES;
				CLANG_WARN_UNGUARDED_AVAILABILITY = YES_AGGRESSIVE;
				CLANG_WARN_UNREACHABLE_CODE = YES;
				CLANG_WARN__DUPLICATE_METHOD_MATCH = YES;
				COPY_PHASE_STRIP = NO;
				DEBUG_INFORMATION_FORMAT = "dwarf-with-dsym";
				ENABLE_NS_ASSERTIONS = NO;
				ENABLE_STRICT_OBJC_MSGSEND = YES;
				GCC_C_LANGUAGE_STANDARD = gnu11;
				GCC_NO_COMMON_BLOCKS = YES;
				GCC_WARN_64_TO_32_BIT_CONVERSION = YES;
				GCC_WARN_ABOUT_RETURN_TYPE = YES_ERROR;
				GCC_WARN_UNDECLARED_SELECTOR = YES;
				GCC_WARN_UNINITIALIZED_AUTOS = YES_AGGRESSIVE;
				GCC_WARN_UNUSED_FUNCTION = YES;
				GCC_WARN_UNUSED_VARIABLE = YES;
				IPHONEOS_DEPLOYMENT_TARGET = 14.0;
				MTL_ENABLE_DEBUG_INFO = NO;
				MTL_FAST_MATH = YES;
				SDKROOT = iphoneos;
				SWIFT_COMPILATION_MODE = wholemodule;
				SWIFT_OPTIMIZATION_LEVEL = "-O";
				VALIDATE_PRODUCT = YES;
			};
			name = Release;
		};
		AC8F53C72950BF3200B6D1A0 /* Debug */ = {
			isa = XCBuildConfiguration;
			buildSettings = {
				ASSETCATALOG_COMPILER_APPICON_NAME = AppIcon;
				ASSETCATALOG_COMPILER_GLOBAL_ACCENT_COLOR_NAME = AccentColor;
				CODE_SIGN_STYLE = Automatic;
				CURRENT_PROJECT_VERSION = 1;
				DEVELOPMENT_ASSET_PATHS = "\"WeatherSwiftUIApp/Preview Content\"";
				DEVELOPMENT_TEAM = M4SYRBQBFW;
				ENABLE_PREVIEWS = YES;
				GENERATE_INFOPLIST_FILE = YES;
				INFOPLIST_KEY_UIApplicationSceneManifest_Generation = YES;
				INFOPLIST_KEY_UIApplicationSupportsIndirectInputEvents = YES;
				INFOPLIST_KEY_UILaunchScreen_Generation = YES;
				INFOPLIST_KEY_UISupportedInterfaceOrientations_iPad = "UIInterfaceOrientationPortrait UIInterfaceOrientationPortraitUpsideDown UIInterfaceOrientationLandscapeLeft UIInterfaceOrientationLandscapeRight";
				INFOPLIST_KEY_UISupportedInterfaceOrientations_iPhone = "UIInterfaceOrientationPortrait UIInterfaceOrientationLandscapeLeft UIInterfaceOrientationLandscapeRight";
				IPHONEOS_DEPLOYMENT_TARGET = 14.0;
				LD_RUNPATH_SEARCH_PATHS = (
					"$(inherited)",
					"@executable_path/Frameworks",
				);
				MARKETING_VERSION = 1.0;
				PRODUCT_BUNDLE_IDENTIFIER = com.AhmedAmin.WeatherSwiftUIApp;
				PRODUCT_NAME = "$(TARGET_NAME)";
				SWIFT_EMIT_LOC_STRINGS = YES;
				SWIFT_VERSION = 5.0;
				TARGETED_DEVICE_FAMILY = "1,2";
			};
			name = Debug;
		};
		AC8F53C82950BF3200B6D1A0 /* Release */ = {
			isa = XCBuildConfiguration;
			buildSettings = {
				ASSETCATALOG_COMPILER_APPICON_NAME = AppIcon;
				ASSETCATALOG_COMPILER_GLOBAL_ACCENT_COLOR_NAME = AccentColor;
				CODE_SIGN_STYLE = Automatic;
				CURRENT_PROJECT_VERSION = 1;
				DEVELOPMENT_ASSET_PATHS = "\"WeatherSwiftUIApp/Preview Content\"";
				DEVELOPMENT_TEAM = M4SYRBQBFW;
				ENABLE_PREVIEWS = YES;
				GENERATE_INFOPLIST_FILE = YES;
				INFOPLIST_KEY_UIApplicationSceneManifest_Generation = YES;
				INFOPLIST_KEY_UIApplicationSupportsIndirectInputEvents = YES;
				INFOPLIST_KEY_UILaunchScreen_Generation = YES;
				INFOPLIST_KEY_UISupportedInterfaceOrientations_iPad = "UIInterfaceOrientationPortrait UIInterfaceOrientationPortraitUpsideDown UIInterfaceOrientationLandscapeLeft UIInterfaceOrientationLandscapeRight";
				INFOPLIST_KEY_UISupportedInterfaceOrientations_iPhone = "UIInterfaceOrientationPortrait UIInterfaceOrientationLandscapeLeft UIInterfaceOrientationLandscapeRight";
				IPHONEOS_DEPLOYMENT_TARGET = 14.0;
				LD_RUNPATH_SEARCH_PATHS = (
					"$(inherited)",
					"@executable_path/Frameworks",
				);
				MARKETING_VERSION = 1.0;
				PRODUCT_BUNDLE_IDENTIFIER = com.AhmedAmin.WeatherSwiftUIApp;
				PRODUCT_NAME = "$(TARGET_NAME)";
				SWIFT_EMIT_LOC_STRINGS = YES;
				SWIFT_VERSION = 5.0;
				TARGETED_DEVICE_FAMILY = "1,2";
			};
			name = Release;
		};
/* End XCBuildConfiguration section */

/* Begin XCConfigurationList section */
		AC8F53B32950BF3100B6D1A0 /* Build configuration list for PBXProject "WeatherSwiftUIApp" */ = {
			isa = XCConfigurationList;
			buildConfigurations = (
				AC8F53C42950BF3200B6D1A0 /* Debug */,
				AC8F53C52950BF3200B6D1A0 /* Release */,
			);
			defaultConfigurationIsVisible = 0;
			defaultConfigurationName = Release;
		};
		AC8F53C62950BF3200B6D1A0 /* Build configuration list for PBXNativeTarget "WeatherSwiftUIApp" */ = {
			isa = XCConfigurationList;
			buildConfigurations = (
				AC8F53C72950BF3200B6D1A0 /* Debug */,
				AC8F53C82950BF3200B6D1A0 /* Release */,
			);
			defaultConfigurationIsVisible = 0;
			defaultConfigurationName = Release;
		};
/* End XCConfigurationList section */

/* Begin XCRemoteSwiftPackageReference section */
		ACF9FD972951EEC6002F20EB /* XCRemoteSwiftPackageReference "lottie-ios" */ = {
			isa = XCRemoteSwiftPackageReference;
			repositoryURL = "https://github.com/airbnb/lottie-ios.git";
			requirement = {
				kind = exactVersion;
				version = 3.2.0;
			};
		};
/* End XCRemoteSwiftPackageReference section */

/* Begin XCSwiftPackageProductDependency section */
		ACF9FD982951EEC6002F20EB /* Lottie */ = {
			isa = XCSwiftPackageProductDependency;
			package = ACF9FD972951EEC6002F20EB /* XCRemoteSwiftPackageReference "lottie-ios" */;
			productName = Lottie;
		};
/* End XCSwiftPackageProductDependency section */
	};
	rootObject = AC8F53B02950BF3100B6D1A0 /* Project object */;
}
