{
  "pins" : [
    {
      "identity" : "lottie-ios",
      "kind" : "remoteSourceControl",
      "location" : "https://github.com/airbnb/lottie-ios.git",
      "state" : {
        "revision" : "180f56688839e7ff37dd7279e770e85125e7d16e",
        "version" : "3.2.0"
      }
    }
  ],
  "version" : 2
}
